{
  "name": "路由",
  "lockfileVersion": 2,
  "requires": true,
  "packages": {
    "": {
      "dependencies": {
        "vue": "^2.6.10",
        "vue-router": "^3.1.6"
      }
    },
    "node_modules/vue": {
      "version": "2.6.10",
      "resolved": "https://registry.npmmirror.com/vue/-/vue-2.6.10.tgz",
      "integrity": "sha512-ImThpeNU9HbdZL3utgMCq0oiMzAkt1mcgy3/E6zWC/G6AaQoeuFdsl9nDhTDU3X1R6FK7nsIUuRACVcjI+A2GQ==",
      "deprecated": "Vue 2 has reached EOL and is no longer actively maintained. See https://v2.vuejs.org/eol/ for more details."
    },
    "node_modules/vue-router": {
      "version": "3.1.6",
      "resolved": "https://registry.npmmirror.com/vue-router/-/vue-router-3.1.6.tgz",
      "integrity": "sha512-GYhn2ynaZlysZMkFE5oCHRUTqE8BWs/a9YbKpNLi0i7xD6KG1EzDqpHQmv1F5gXjr8kL5iIVS8EOtRaVUEXTqA=="
    }
  },
  "dependencies": {
    "vue": {
      "version": "2.6.10",
      "resolved": "https://registry.npmmirror.com/vue/-/vue-2.6.10.tgz",
      "integrity": "sha512-ImThpeNU9HbdZL3utgMCq0oiMzAkt1mcgy3/E6zWC/G6AaQoeuFdsl9nDhTDU3X1R6FK7nsIUuRACVcjI+A2GQ=="
    },
    "vue-router": {
      "version": "3.1.6",
      "resolved": "https://registry.npmmirror.com/vue-router/-/vue-router-3.1.6.tgz",
      "integrity": "sha512-GYhn2ynaZlysZMkFE5oCHRUTqE8BWs/a9YbKpNLi0i7xD6KG1EzDqpHQmv1F5gXjr8kL5iIVS8EOtRaVUEXTqA=="
    }
  }
}
